
Microsoft Visual Studio Solution File, Format Version 12.00
# Visual Studio Version 17
VisualStudioVersion = 17.8.34330.188
MinimumVisualStudioVersion = 10.0.40219.1
Project("{FAE04EC0-301F-11D3-BF4B-00C04F79EFBC}") = "ECommerceApplication", "ECommerceApplication.csproj", "{6B62EA25-F7B4-4EC8-8D7E-FE05D3ED3DC7}"
EndProject
Global
	GlobalSection(SolutionConfigurationPlatforms) = preSolution
		Debug|Any CPU = Debug|Any CPU
		Release|Any CPU = Release|Any CPU
	EndGlobalSection
	GlobalSection(ProjectConfigurationPlatforms) = postSolution
		{6B62EA25-F7B4-4EC8-8D7E-FE05D3ED3DC7}.Debug|Any CPU.ActiveCfg = Debug|Any CPU
		{6B62EA25-F7B4-4EC8-8D7E-FE05D3ED3DC7}.Debug|Any CPU.Build.0 = Debug|Any CPU
		{6B62EA25-F7B4-4EC8-8D7E-FE05D3ED3DC7}.Release|Any CPU.ActiveCfg = Release|Any CPU
		{6B62EA25-F7B4-4EC8-8D7E-FE05D3ED3DC7}.Release|Any CPU.Build.0 = Release|Any CPU
	EndGlobalSection
	GlobalSection(SolutionProperties) = preSolution
		HideSolutionNode = FALSE
	EndGlobalSection
	GlobalSection(ExtensibilityGlobals) = postSolution
		SolutionGuid = {B16176A9-71F1-4908-869E-B08C6C2F8801}
	EndGlobalSection
EndGlobal
